lockfileVersion: '9.0'

settings:
  autoInstallPeers: true
  excludeLinksFromLockfile: false

importers:

  .:
    dependencies:
      '@aws-sdk/client-cloudfront':
        specifier: ^3.1109.0
        version: 3.1109.0
      '@aws-sdk/client-iam':
        specifier: ^3.1109.0
        version: 3.1109.0
    devDependencies:
      concurrently:
        specifier: ^8.2.2
        version: 8.2.2

packages:

  '@aws-sdk/client-cloudfront@3.1109.0':
    resolution: {integrity: sha512-Ct/XhIJKfUiUTxF155T4QZNp2MtCbDolPc+80mltPdkCCkX71y+htSi0zaH1ZC+TK/lUR3wm44c2ClVr2HZd+w==}
    engines: {node: '>=20.0.0'}

  '@aws-sdk/client-iam@3.1109.0':
    resolution: {integrity: sha512-EhiiEgszibYAJuQxWgzE+L56VRHnXxGoiLetq9FGs3meozN6VqCqRhtOfN3GqFaFi9W2iWg7cTQUIOgQzU3EbQ==}
    engines: {node: '>=20.0.0'}

  '@aws-sdk/core@3.977.7':
    resolution: {integrity: sha512-I88Iov89NVmjSmJLKSv7Cn9M2J+a2942OkA8nZCbz+sl4ZeY4zEOcoLOrbt1GRfQ8zEQKnjAJdXixA3J/p1fDQ==}
    engines: {node: '>=20.0.0'}

  '@aws-sdk/credential-provider-env@3.972.68':
    resolution: {integrity: sha512-2a20A/IdNOwUvaDq91iqqS7BA0XlNMfW3iLGZGZLJv0EbUqhSxB0PIx4rQQqssvWj1uXImb3/UCCdHz/+1dOiA==}
    engines: {node: '>=20.0.0'}

  '@aws-sdk/credential-provider-http@3.972.70':
    resolution: {integrity: sha512-0yRem2Fs52r/Nn6UAqIlpjexfaYj8ziEozOe9tamtAVT/5bzFLKx8O2r7MaRqgS3hGKHIa1Jij9nKHSsNnb04A==}
    engines: {node: '>=20.0.0'}

  '@aws-sdk/credential-provider-ini@3.973.13':
    resolution: {integrity: sha512-2M39DE02XpYYaSWYk/4AsImXYUU/1L2xmTMLUpMMWq7DfLv191/vCRy3baKtdr45AkJQyVgSjmuVOLm15SwrRQ==}
    engines: {node: '>=20.0.0'}

  '@aws-sdk/credential-provider-login@3.972.75':
    resolution: {integrity: sha512-jaTESuJlQsoUZ44f/i2puyPt8VlF/dMMJ9HM3cStYtk7eKX4N9UWi83OLixUkoOJH3BwWlPLCq9YIK9nfWhVBg==}
    engines: {node: '>=20.0.0'}

  '@aws-sdk/credential-provider-node@3.972.79':
    resolution: {integrity: sha512-RIw5dof1EHkWubrZzPC941CDtnFG1iAXsxbFgLkhdYZXHc4icU13c/uxSMI0J5eUx9bxa7LjfpdjfClBB1QsDA==}
    engines: {node: '>=20.0.0'}

  '@aws-sdk/credential-provider-process@3.972.68':
    resolution: {integrity: sha512-nLP3Pda2MQTFJ25hKBMmUuB9Uv+bTZQNlufbeCwklP549Vwnkd8bRLJoCKp5k6xjmdyptrPrOfGOhN0mKuca8A==}
    engines: {node: '>=20.0.0'}

  '@aws-sdk/credential-provider-sso@3.973.12':
    resolution: {integrity: sha512-EmgyyHn+f9WCcelp3L/vci+LGbX8GigWaVphRArjVo5Pktkr9YnLy/mQ6VDkDyBD72dtfRNTgHmD2ts4rTDXKQ==}
    engines: {node: '>=20.0.0'}

  '@aws-sdk/credential-provider-web-identity@3.972.74':
    resolution: {integrity: sha512-0YfczxGXF3RjGj8z7QG/Ho2HnLGKDHfPSHiTs47UU1U/+mmwISDN+rvGKt2zh+3FX8NdT4xd95LGBGyhQw2dgQ==}
    engines: {node: '>=20.0.0'}

  '@aws-sdk/nested-clients@3.997.42':
    resolution: {integrity: sha512-XWRyon2MTHXD/zMoo0Mbge6Vwf+iE0qQaM/RyGO6NfZ9WukCFiQL27nQVZjYy2JwSIg+iXZxKOX95OBXqlSM4w==}
    engines: {node: '>=20.0.0'}

  '@aws-sdk/signature-v4-multi-region@3.996.44':
    resolution: {integrity: sha512-ZSfQ35Qn4MhSY+A0Whyr+KBx+wJKZUyBsOrjB2pSHOafRzbFe47T8XcXM8hZqUAC69qnqIy0C9ArxTuud0CC2w==}
    engines: {node: '>=20.0.0'}

  '@aws-sdk/token-providers@3.1108.0':
    resolution: {integrity: sha512-rI80zxDxGJ6904eC/YbjkdjY6JdaZvQ01kOmrMvw7cFQGIHo27fhnIVbMSVDS4T6foQImjxYSRoOu/uSJscXDw==}
    engines: {node: '>=20.0.0'}

  '@aws-sdk/types@3.974.3':
    resolution: {integrity: sha512-ECAqfpNsef+7MO8qtR0h9KcFIBAygaE7Cm6UOiQl+ft+uVap+1G7bNEjs4mdJE2OnA4m6k7i8peH8uGIAsOMGw==}
    engines: {node: '>=20.0.0'}

  '@aws-sdk/xml-builder@3.972.38':
    resolution: {integrity: sha512-grf7mzfVxBS5AlsuTvBN7uDpzqohFww9fRPCO+EBSUdvtsYMcPSKdz54h/7XiscqNcUM1Ae1MF7JLHmiYYuzbQ==}
    engines: {node: '>=20.0.0'}

  '@aws/lambda-invoke-store@0.3.0':
    resolution: {integrity: sha512-sl4Bm6yiMNYrZKkqqDFWN0UfnWhlS8ivKxrYl+6t0gCLrqr8y3B2IqZZbFRkfaVVp7C/baApyh71P+LeE1A2sQ==}
    engines: {node: '>=18.0.0'}

  '@babel/runtime@7.29.7':
    resolution: {integrity: sha512-Nq8OhGWiZIZGV6hLHoyAKLLcJihP/xFeBMGJoUrxTX2psI8dCifzLhZISFb+VWS3wFMRDmCGw5R+dOySCqPLhw==}
    engines: {node: '>=6.9.0'}

  '@smithy/core@3.32.0':
    resolution: {integrity: sha512-NAiCSC78fzbNIEWoheoF74Ob5ZorLijCHpMY26Fqvqg/+9LuyIqMfHDg2p8Yk1rqOyowtiL3y7WX0AW+teL6zw==}
    engines: {node: '>=18.0.0'}

  '@smithy/credential-provider-imds@4.5.0':
    resolution: {integrity: sha512-2jsPi+7Zv2hSzD9IXR9D7DTqSn7mv4XalzRm+bESh53jiaUS3NKEUbpQFTJP0HhQy9qzZvluxQ3yS24zdRrqsA==}
    engines: {node: '>=18.0.0'}

  '@smithy/fetch-http-handler@5.7.0':
    resolution: {integrity: sha512-W/exA8T0LEzCQtJ02w4IzaEQPIspgarqZprb7W8FwnYiDowgCrjl2fTQ6FvuSSUnJORuepBF81abmBJwqh+0XQ==}
    engines: {node: '>=18.0.0'}

  '@smithy/node-http-handler@4.10.0':
    resolution: {integrity: sha512-nrh7VxqzPQS/ip1hS293aI/OAWDWARQvjUxCfuKhyrfHa2gTdk28066RNeWLI1uuoHXaKAkOF8IcSAHuOp0+SA==}
    engines: {node: '>=18.0.0'}

  '@smithy/signature-v4@5.7.0':
    resolution: {integrity: sha512-hCynhm22wMJ8wTF9crcwu8mxggtUrSLLJgDcGUvYFBqpofxycYJCGKOMYg4xtPPFtgNiDJSYmhsWLTrcU/g59Q==}
    engines: {node: '>=18.0.0'}

  '@smithy/types@4.17.0':
    resolution: {integrity: sha512-Aw4joiM0ZdErpo39lCj8phT2lxoiKZV+KZzBxnnQhWVtU2Is/WffQSL04uUWRcXUse9Ln8vXZK6V/FwqRVnQpg==}
    engines: {node: '>=18.0.0'}

  ansi-regex@5.0.1:
    resolution: {integrity: sha512-quJQXlTSUGL2LH9SUXo8VwsY4soanhgo6LNSm84E1LBcE8s3O0wpdiRzyR9z/ZZJMlMWv37qOOb9pdJlMUEKFQ==}
    engines: {node: '>=8'}

  ansi-styles@4.3.0:
    resolution: {integrity: sha512-zbB9rCJAT1rbjiVDb2hqKFHNYLxgtk8NURxZ3IZwD3F6NtxbXZQCnnSi1Lkx+IDohdPlFp222wVALIheZJQSEg==}
    engines: {node: '>=8'}

  bowser@2.14.1:
    resolution: {integrity: sha512-tzPjzCxygAKWFOJP011oxFHs57HzIhOEracIgAePE4pqB3LikALKnSzUyU4MGs9/iCEUuHlAJTjTc5M+u7YEGg==}

  chalk@4.1.2:
    resolution: {integrity: sha512-oKnbhFyRIXpUuez8iBMmyEa4nbj4IOQyuhc/wy9kY7/WVPcwIO9VA668Pu8RkO7+0G76SLROeyw9CpQ061i4mA==}
    engines: {node: '>=10'}

  cliui@8.0.1:
    resolution: {integrity: sha512-BSeNnyus75C4//NQ9gQt1/csTXyo/8Sb+afLAkzAptFuMsod9HFokGNudZpi/oQV73hnVK+sR+5PVRMd+Dr7YQ==}
    engines: {node: '>=12'}

  color-convert@2.0.1:
    resolution: {integrity: sha512-RRECPsj7iu/xb5oKYcsFHSppFNnsj/52OVTRKb4zP5onXwVF3zVmmToNcOfGC+CRDpfK/U584fMg38ZHCaElKQ==}
    engines: {node: '>=7.0.0'}

  color-name@1.1.4:
    resolution: {integrity: sha512-dOy+3AuW3a2wNbZHIuMZpTcgjGuLU/uBL/ubcZF9OXbDo8ff4O8yVp5Bf0efS8uEoYo5q4Fx7dY9OgQGXgAsQA==}

  concurrently@8.2.2:
    resolution: {integrity: sha512-1dP4gpXFhei8IOtlXRE/T/4H88ElHgTiUzh71YUmtjTEHMSRS2Z/fgOxHSxxusGHogsRfxNq1vyAwxSC+EVyDg==}
    engines: {node: ^14.13.0 || >=16.0.0}
    hasBin: true

  date-fns@2.30.0:
    resolution: {integrity: sha512-fnULvOpxnC5/Vg3NCiWelDsLiUc9bRwAPs/+LfTLNvetFCtCTN+yQz15C/fs4AwX1R9K5GLtLfn8QW+dWisaAw==}
    engines: {node: '>=0.11'}

  emoji-regex@8.0.0:
    resolution: {integrity: sha512-MSjYzcWNOA0ewAHpz0MxpYFvwg6yjy1NG3xteoqz644VCo/RPgnr1/GGt+ic3iJTzQ8Eu3TdM14SawnVUmGE6A==}

  escalade@3.2.0:
    resolution: {integrity: sha512-WUj2qlxaQtO4g6Pq5c29GTcWGDyd8itL8zTlipgECz3JesAiiOKotd8JU6otB3PACgG6xkJUyVhboMS+bje/jA==}
    engines: {node: '>=6'}

  get-caller-file@2.0.5:
    resolution: {integrity: sha512-DyFP3BM/3YHTQOCUL/w0OZHR0lpKeGrxotcHWcqNEdnltqFwXVfhEBQ94eIo34AfQpo0rGki4cyIiftY06h2Fg==}
    engines: {node: 6.* || 8.* || >= 10.*}

  has-flag@4.0.0:
    resolution: {integrity: sha512-EykJT/Q1KjTWctppgIAgfSO0tKVuZUjhgMr17kqTumMl6Afv3EISleU7qZUzoXDFTAHTDC4NOoG/ZxU3EvlMPQ==}
    engines: {node: '>=8'}

  is-fullwidth-code-point@3.0.0:
    resolution: {integrity: sha512-zymm5+u+sCsSWyD9qNaejV3DFvhCKclKdizYaJUuHA83RLjb7nSuGnddCHGv0hk+KY7BMAlsWeK4Ueg6EV6XQg==}
    engines: {node: '>=8'}

  lodash@4.18.1:
    resolution: {integrity: sha512-dMInicTPVE8d1e5otfwmmjlxkZoUpiVLwyeTdUsi/Caj/gfzzblBcCE5sRHV/AsjuCmxWrte2TNGSYuCeCq+0Q==}

  require-directory@2.1.1:
    resolution: {integrity: sha512-fGxEI7+wsG9xrvdjsrlmL22OMTTiHRwAMroiEeMgq8gzoLC/PQr7RsRDSTLUg/bZAZtF+TVIkHc6/4RIKrui+Q==}
    engines: {node: '>=0.10.0'}

  rxjs@7.8.2:
    resolution: {integrity: sha512-dhKf903U/PQZY6boNNtAGdWbG85WAbjT/1xYoZIC7FAY0yWapOBQVsVrDl58W86//e1VpMNBtRV4MaXfdMySFA==}

  shell-quote@1.10.0:
    resolution: {integrity: sha512-w1aiOKwKuRgtwAReIIj89puqg+I7GvX4IbLrvmhXbzQsj1+Zwi4VO3+fa6ZF91TWSjIxoEkKnMeHcLEODK5ZXA==}
    engines: {node: '>= 0.4'}

  spawn-command@0.0.2:
    resolution: {integrity: sha512-zC8zGoGkmc8J9ndvml8Xksr1Amk9qBujgbF0JAIWO7kXr43w0h/0GJNM/Vustixu+YE8N/MTrQ7N31FvHUACxQ==}

  string-width@4.2.3:
    resolution: {integrity: sha512-wKyQRQpjJ0sIp62ErSZdGsjMJWsap5oRNihHhu6G7JVO/9jIB6UyevL+tXuOqrng8j/cxKTWyWUwvSTriiZz/g==}
    engines: {node: '>=8'}

  strip-ansi@6.0.1:
    resolution: {integrity: sha512-Y38VPSHcqkFrCpFnQ9vuSXmquuv5oXOKpGeT6aGrr3o3Gc9AlVa6JBfUSOCnbxGGZF+/0ooI7KrPuUSztUdU5A==}
    engines: {node: '>=8'}

  supports-color@7.2.0:
    resolution: {integrity: sha512-qpCAvRl9stuOHveKsn7HncJRvv501qIacKzQlO/+Lwxc9+0q2wLyv4Dfvt80/DPn2pqOBsJdDiogXGR9+OvwRw==}
    engines: {node: '>=8'}

  supports-color@8.1.1:
    resolution: {integrity: sha512-MpUEN2OodtUzxvKQl72cUF7RQ5EiHsGvSsVG0ia9c5RbWGL2CI4C7EpPS8UTBIplnlzZiNuV56w+FuNxy3ty2Q==}
    engines: {node: '>=10'}

  tree-kill@1.2.2:
    resolution: {integrity: sha512-L0Orpi8qGpRG//Nd+H90vFB+3iHnue1zSSGmNOOCh1GLJ7rUKVwV2HvijphGQS2UmhUZewS9VgvxYIdgr+fG1A==}
    hasBin: true

  tslib@2.8.1:
    resolution: {integrity: sha512-oJFu94HQb+KVduSUQL7wnpmqnfmLsOA/nAh6b6EH0wCEoK0/mPeXU6c3wKDV83MkOuHPRHtSXKKU99IBazS/2w==}

  wrap-ansi@7.0.0:
    resolution: {integrity: sha512-YVGIj2kamLSTxw6NsZjoBxfSwsn0ycdesmc4p+Q21c5zPuZ1pl+NfxVdxPtdHvmNVOQ6XSYG4AUtyt/Fi7D16Q==}
    engines: {node: '>=10'}

  y18n@5.0.8:
    resolution: {integrity: sha512-0pfFzegeDWJHJIAmTLRP2DwHjdF5s7jo9tuztdQxAhINCdvS+3nGINqPd00AphqJR/0LhANUS6/+7SCb98YOfA==}
    engines: {node: '>=10'}

  yargs-parser@21.1.1:
    resolution: {integrity: sha512-tVpsJW7DdjecAiFpbIB1e3qxIQsE6NoPc5/eTdrbbIC4h0LVsWhnoa3g+m2HclBIujHzsxZ4VJVA+GUuc2/LBw==}
    engines: {node: '>=12'}

  yargs@17.7.3:
    resolution: {integrity: sha512-GZtjxm/J/4TSxuL3FNYjCmLktBTnIw/rVmKSIyKeYAZpmJB2ig9VauCC5xsa82GNKVKDAqpOn3KVzNt0zmrU0g==}
    engines: {node: '>=12'}

snapshots:

  '@aws-sdk/client-cloudfront@3.1109.0':
    dependencies:
      '@aws-sdk/core': 3.977.7
      '@aws-sdk/credential-provider-node': 3.972.79
      '@aws-sdk/types': 3.974.3
      '@smithy/core': 3.32.0
      '@smithy/fetch-http-handler': 5.7.0
      '@smithy/node-http-handler': 4.10.0
      '@smithy/types': 4.17.0
      tslib: 2.8.1

  '@aws-sdk/client-iam@3.1109.0':
    dependencies:
      '@aws-sdk/core': 3.977.7
      '@aws-sdk/credential-provider-node': 3.972.79
      '@aws-sdk/types': 3.974.3
      '@smithy/core': 3.32.0
      '@smithy/fetch-http-handler': 5.7.0
      '@smithy/node-http-handler': 4.10.0
      '@smithy/types': 4.17.0
      tslib: 2.8.1

  '@aws-sdk/core@3.977.7':
    dependencies:
      '@aws-sdk/types': 3.974.3
      '@aws-sdk/xml-builder': 3.972.38
      '@aws/lambda-invoke-store': 0.3.0
      '@smithy/core': 3.32.0
      '@smithy/signature-v4': 5.7.0
      '@smithy/types': 4.17.0
      bowser: 2.14.1
      tslib: 2.8.1

  '@aws-sdk/credential-provider-env@3.972.68':
    dependencies:
      '@aws-sdk/core': 3.977.7
      '@aws-sdk/types': 3.974.3
      '@smithy/core': 3.32.0
      '@smithy/types': 4.17.0
      tslib: 2.8.1

  '@aws-sdk/credential-provider-http@3.972.70':
    dependencies:
      '@aws-sdk/core': 3.977.7
      '@aws-sdk/types': 3.974.3
      '@smithy/core': 3.32.0
      '@smithy/fetch-http-handler': 5.7.0
      '@smithy/node-http-handler': 4.10.0
      '@smithy/types': 4.17.0
      tslib: 2.8.1

  '@aws-sdk/credential-provider-ini@3.973.13':
    dependencies:
      '@aws-sdk/core': 3.977.7
      '@aws-sdk/credential-provider-env': 3.972.68
      '@aws-sdk/credential-provider-http': 3.972.70
      '@aws-sdk/credential-provider-login': 3.972.75
      '@aws-sdk/credential-provider-process': 3.972.68
      '@aws-sdk/credential-provider-sso': 3.973.12
      '@aws-sdk/credential-provider-web-identity': 3.972.74
      '@aws-sdk/nested-clients': 3.997.42
      '@aws-sdk/types': 3.974.3
      '@smithy/core': 3.32.0
      '@smithy/credential-provider-imds': 4.5.0
      '@smithy/types': 4.17.0
      tslib: 2.8.1

  '@aws-sdk/credential-provider-login@3.972.75':
    dependencies:
      '@aws-sdk/core': 3.977.7
      '@aws-sdk/nested-clients': 3.997.42
      '@aws-sdk/types': 3.974.3
      '@smithy/core': 3.32.0
      '@smithy/types': 4.17.0
      tslib: 2.8.1

  '@aws-sdk/credential-provider-node@3.972.79':
    dependencies:
      '@aws-sdk/credential-provider-env': 3.972.68
      '@aws-sdk/credential-provider-http': 3.972.70
      '@aws-sdk/credential-provider-ini': 3.973.13
      '@aws-sdk/credential-provider-process': 3.972.68
      '@aws-sdk/credential-provider-sso': 3.973.12
      '@aws-sdk/credential-provider-web-identity': 3.972.74
      '@aws-sdk/types': 3.974.3
      '@smithy/core': 3.32.0
      '@smithy/credential-provider-imds': 4.5.0
      '@smithy/types': 4.17.0
      tslib: 2.8.1

  '@aws-sdk/credential-provider-process@3.972.68':
    dependencies:
      '@aws-sdk/core': 3.977.7
      '@aws-sdk/types': 3.974.3
      '@smithy/core': 3.32.0
      '@smithy/types': 4.17.0
      tslib: 2.8.1

  '@aws-sdk/credential-provider-sso@3.973.12':
    dependencies:
      '@aws-sdk/core': 3.977.7
      '@aws-sdk/nested-clients': 3.997.42
      '@aws-sdk/token-providers': 3.1108.0
      '@aws-sdk/types': 3.974.3
      '@smithy/core': 3.32.0
      '@smithy/types': 4.17.0
      tslib: 2.8.1

  '@aws-sdk/credential-provider-web-identity@3.972.74':
    dependencies:
      '@aws-sdk/core': 3.977.7
      '@aws-sdk/nested-clients': 3.997.42
      '@aws-sdk/types': 3.974.3
      '@smithy/core': 3.32.0
      '@smithy/types': 4.17.0
      tslib: 2.8.1

  '@aws-sdk/nested-clients@3.997.42':
    dependencies:
      '@aws-sdk/core': 3.977.7
      '@aws-sdk/signature-v4-multi-region': 3.996.44
      '@aws-sdk/types': 3.974.3
      '@smithy/core': 3.32.0
      '@smithy/fetch-http-handler': 5.7.0
      '@smithy/node-http-handler': 4.10.0
      '@smithy/types': 4.17.0
      tslib: 2.8.1

  '@aws-sdk/signature-v4-multi-region@3.996.44':
    dependencies:
      '@aws-sdk/types': 3.974.3
      '@smithy/signature-v4': 5.7.0
      '@smithy/types': 4.17.0
      tslib: 2.8.1

  '@aws-sdk/token-providers@3.1108.0':
    dependencies:
      '@aws-sdk/core': 3.977.7
      '@aws-sdk/nested-clients': 3.997.42
      '@aws-sdk/types': 3.974.3
      '@smithy/core': 3.32.0
      '@smithy/types': 4.17.0
      tslib: 2.8.1

  '@aws-sdk/types@3.974.3':
    dependencies:
      '@smithy/types': 4.17.0
      tslib: 2.8.1

  '@aws-sdk/xml-builder@3.972.38':
    dependencies:
      '@smithy/types': 4.17.0
      tslib: 2.8.1

  '@aws/lambda-invoke-store@0.3.0': {}

  '@babel/runtime@7.29.7': {}

  '@smithy/core@3.32.0':
    dependencies:
      '@smithy/types': 4.17.0
      tslib: 2.8.1

  '@smithy/credential-provider-imds@4.5.0':
    dependencies:
      '@smithy/core': 3.32.0
      '@smithy/types': 4.17.0
      tslib: 2.8.1

  '@smithy/fetch-http-handler@5.7.0':
    dependencies:
      '@smithy/core': 3.32.0
      '@smithy/types': 4.17.0
      tslib: 2.8.1

  '@smithy/node-http-handler@4.10.0':
    dependencies:
      '@smithy/core': 3.32.0
      '@smithy/types': 4.17.0
      tslib: 2.8.1

  '@smithy/signature-v4@5.7.0':
    dependencies:
      '@smithy/core': 3.32.0
      '@smithy/types': 4.17.0
      tslib: 2.8.1

  '@smithy/types@4.17.0':
    dependencies:
      tslib: 2.8.1

  ansi-regex@5.0.1: {}

  ansi-styles@4.3.0:
    dependencies:
      color-convert: 2.0.1

  bowser@2.14.1: {}

  chalk@4.1.2:
    dependencies:
      ansi-styles: 4.3.0
      supports-color: 7.2.0

  cliui@8.0.1:
    dependencies:
      string-width: 4.2.3
      strip-ansi: 6.0.1
      wrap-ansi: 7.0.0

  color-convert@2.0.1:
    dependencies:
      color-name: 1.1.4

  color-name@1.1.4: {}

  concurrently@8.2.2:
    dependencies:
      chalk: 4.1.2
      date-fns: 2.30.0
      lodash: 4.18.1
      rxjs: 7.8.2
      shell-quote: 1.10.0
      spawn-command: 0.0.2
      supports-color: 8.1.1
      tree-kill: 1.2.2
      yargs: 17.7.3

  date-fns@2.30.0:
    dependencies:
      '@babel/runtime': 7.29.7

  emoji-regex@8.0.0: {}

  escalade@3.2.0: {}

  get-caller-file@2.0.5: {}

  has-flag@4.0.0: {}

  is-fullwidth-code-point@3.0.0: {}

  lodash@4.18.1: {}

  require-directory@2.1.1: {}

  rxjs@7.8.2:
    dependencies:
      tslib: 2.8.1

  shell-quote@1.10.0: {}

  spawn-command@0.0.2: {}

  string-width@4.2.3:
    dependencies:
      emoji-regex: 8.0.0
      is-fullwidth-code-point: 3.0.0
      strip-ansi: 6.0.1

  strip-ansi@6.0.1:
    dependencies:
      ansi-regex: 5.0.1

  supports-color@7.2.0:
    dependencies:
      has-flag: 4.0.0

  supports-color@8.1.1:
    dependencies:
      has-flag: 4.0.0

  tree-kill@1.2.2: {}

  tslib@2.8.1: {}

  wrap-ansi@7.0.0:
    dependencies:
      ansi-styles: 4.3.0
      string-width: 4.2.3
      strip-ansi: 6.0.1

  y18n@5.0.8: {}

  yargs-parser@21.1.1: {}

  yargs@17.7.3:
    dependencies:
      cliui: 8.0.1
      escalade: 3.2.0
      get-caller-file: 2.0.5
      require-directory: 2.1.1
      string-width: 4.2.3
      y18n: 5.0.8
      yargs-parser: 21.1.1
